
Microsoft Visual Studio Solution File, Format Version 12.00
# Visual Studio Version 17
VisualStudioVersion = 17.8.34601.278
MinimumVisualStudioVersion = 10.0.40219.1
Project("{9A19103F-16F7-4668-BE54-9A1E7A4F7556}") = "Lab4Web", "Lab4Web\Lab4Web.csproj", "{F561BED8-EFCE-44AA-964D-2E2062E1C252}"
EndProject
Project("{FAE04EC0-301F-11D3-BF4B-00C04F79EFBC}") = "WebTests", "WebTests\WebTests.csproj", "{1E16B0CD-B3FB-41AF-AD87-EBA47D5E9AC2}"
EndProject
Global
	GlobalSection(SolutionConfigurationPlatforms) = preSolution
		Debug|Any CPU = Debug|Any CPU
		Release|Any CPU = Release|Any CPU
	EndGlobalSection
	GlobalSection(ProjectConfigurationPlatforms) = postSolution
		{F561BED8-EFCE-44AA-964D-2E2062E1C252}.Debug|Any CPU.ActiveCfg = Debug|Any CPU
		{F561BED8-EFCE-44AA-964D-2E2062E1C252}.Debug|Any CPU.Build.0 = Debug|Any CPU
		{F561BED8-EFCE-44AA-964D-2E2062E1C252}.Release|Any CPU.ActiveCfg = Release|Any CPU
		{F561BED8-EFCE-44AA-964D-2E2062E1C252}.Release|Any CPU.Build.0 = Release|Any CPU
		{1E16B0CD-B3FB-41AF-AD87-EBA47D5E9AC2}.Debug|Any CPU.ActiveCfg = Debug|Any CPU
		{1E16B0CD-B3FB-41AF-AD87-EBA47D5E9AC2}.Debug|Any CPU.Build.0 = Debug|Any CPU
		{1E16B0CD-B3FB-41AF-AD87-EBA47D5E9AC2}.Release|Any CPU.ActiveCfg = Release|Any CPU
		{1E16B0CD-B3FB-41AF-AD87-EBA47D5E9AC2}.Release|Any CPU.Build.0 = Release|Any CPU
	EndGlobalSection
	GlobalSection(SolutionProperties) = preSolution
		HideSolutionNode = FALSE
	EndGlobalSection
	GlobalSection(ExtensibilityGlobals) = postSolution
		SolutionGuid = {384E329F-4C57-4BC5-A4A6-997F7F0B0961}
	EndGlobalSection
EndGlobal
